<?xml version="1.0" encoding="utf-8"?>
<Project ToolsVersion="4.0" xmlns="http://schemas.microsoft.com/developer/msbuild/2003">
  <ItemGroup>
    <ClCompile Include="test.cpp" />
    <ClCompile Include="Cuda\Device.cpp">
      <Filter>Cuda</Filter>
    </ClCompile>
    <ClCompile Include="Dnn\Context.cpp">
      <Filter>Dnn</Filter>
    </ClCompile>
    <ClCompile Include="Dnn\Dropout.cpp">
      <Filter>Dnn</Filter>
    </ClCompile>
    <ClCompile Include="Dnn\Tensor.cpp">
      <Filter>Dnn</Filter>
    </ClCompile>
    <ClCompile Include="Cudnn\Utils.cpp">
      <Filter>Cudnn</Filter>
    </ClCompile>
    <ClCompile Include="Dnn\RNN\RnnDataSet.cpp">
      <Filter>Dnn\Rnn</Filter>
    </ClCompile>
    <ClCompile Include="Dnn\RNN\RnnModel.cpp">
      <Filter>Dnn\Rnn</Filter>
    </ClCompile>
    <ClCompile Include="Dnn\RNN\RnnOp.cpp">
      <Filter>Dnn\Rnn</Filter>
    </ClCompile>
    <ClCompile Include="Dataset\Loader.cpp">
      <Filter>Dataset</Filter>
    </ClCompile>
  </ItemGroup>
  <ItemGroup>
    <None Include="packages.config" />
  </ItemGroup>
  <ItemGroup>
    <Filter Include="Cuda">
      <UniqueIdentifier>{a032389d-bed9-4006-b5f6-fae5b0c91440}</UniqueIdentifier>
    </Filter>
    <Filter Include="Dnn">
      <UniqueIdentifier>{7d2f6daa-fc9d-461d-bcaf-0dceb371922e}</UniqueIdentifier>
    </Filter>
    <Filter Include="Cudnn">
      <UniqueIdentifier>{5ce32335-1de1-4bd2-b203-d1360fd99b8b}</UniqueIdentifier>
    </Filter>
    <Filter Include="Dnn\Rnn">
      <UniqueIdentifier>{9f35477c-5fd8-40d6-a2c5-832acf19deec}</UniqueIdentifier>
    </Filter>
    <Filter Include="Dataset">
      <UniqueIdentifier>{6f4d6bc4-db2e-4ed5-93c2-ad612891efd8}</UniqueIdentifier>
    </Filter>
  </ItemGroup>
  <ItemGroup>
    <ClInclude Include="Dnn\Common.h">
      <Filter>Dnn</Filter>
    </ClInclude>
  </ItemGroup>
</Project>