<?xml version="1.0" encoding="utf-8"?>
<Project ToolsVersion="4.0" xmlns="http://schemas.microsoft.com/developer/msbuild/2003">
  <ItemGroup>
    <CudaCompile Include="Source\Dnn\CuDNN\init_data.cu">
      <Filter>Dnn\CuDnn</Filter>
    </CudaCompile>
  </ItemGroup>
  <ItemGroup>
    <Filter Include="Dnn">
      <UniqueIdentifier>{e8b7c9dc-1483-41e7-a458-02cafbea9bbb}</UniqueIdentifier>
    </Filter>
    <Filter Include="Dnn\CuDnn">
      <UniqueIdentifier>{93a59edd-708b-4d5d-a1e5-08c12918dfe8}</UniqueIdentifier>
    </Filter>
    <Filter Include="Dnn\Cuda">
      <UniqueIdentifier>{eb1b4f6f-f12e-4354-ba2c-e78b7daf442f}</UniqueIdentifier>
    </Filter>
    <Filter Include="Dnn\Data">
      <UniqueIdentifier>{def6bf7a-f1c5-418d-acd2-f2bb11d76f9c}</UniqueIdentifier>
    </Filter>
    <Filter Include="Dnn\Data\H5">
      <UniqueIdentifier>{f838f7ba-f8ba-475b-8402-1757516fcd5e}</UniqueIdentifier>
    </Filter>
    <Filter Include="Core">
      <UniqueIdentifier>{fba0eba9-be24-42b2-adb6-ca6f1962e820}</UniqueIdentifier>
    </Filter>
  </ItemGroup>
  <ItemGroup>
    <ClCompile Include="Source\Dnn\CuDNN\fp16_emu.cpp">
      <Filter>Dnn\CuDnn</Filter>
    </ClCompile>
    <ClCompile Include="Source\Dnn\CuDNN\CuDnn.ixx">
      <Filter>Dnn\CuDnn</Filter>
    </ClCompile>
    <ClCompile Include="Source\Dnn\CuDNN\CuDnn.Context.ixx">
      <Filter>Dnn\CuDnn</Filter>
    </ClCompile>
    <ClCompile Include="Source\Dnn\CuDNN\CuDnn.Descriptor.ixx">
      <Filter>Dnn\CuDnn</Filter>
    </ClCompile>
    <ClCompile Include="Source\Dnn\CuDNN\CuDnn.Error.ixx">
      <Filter>Dnn\CuDnn</Filter>
    </ClCompile>
    <ClCompile Include="Source\Dnn\CuDNN\CuDnn.Helpers.ixx">
      <Filter>Dnn\CuDnn</Filter>
    </ClCompile>
    <ClCompile Include="Source\Dnn\CuDNN\CuDnn.OpaqueDescriptor.ixx">
      <Filter>Dnn\CuDnn</Filter>
    </ClCompile>
    <ClCompile Include="Source\Dnn\CuDNN\CuDnn.OpaqueDescriptorType.ixx">
      <Filter>Dnn\CuDnn</Filter>
    </ClCompile>
    <ClCompile Include="Source\Dnn\CuDNN\CuDnn.OpaqueHandle.ixx">
      <Filter>Dnn\CuDnn</Filter>
    </ClCompile>
    <ClCompile Include="Source\Dnn\CuDNN\CuDnn.Status.ixx">
      <Filter>Dnn\CuDnn</Filter>
    </ClCompile>
    <ClCompile Include="Source\Dnn\CuDNN\CuDnn.Utils.ixx">
      <Filter>Dnn\CuDnn</Filter>
    </ClCompile>
    <ClCompile Include="Source\Dnn\Cuda\Cuda.ixx">
      <Filter>Dnn\Cuda</Filter>
    </ClCompile>
    <ClCompile Include="Source\Dnn\Cuda\Cuda.Device.ixx">
      <Filter>Dnn\Cuda</Filter>
    </ClCompile>
    <ClCompile Include="Source\Dnn\Cuda\Cuda.DeviceProps.ixx">
      <Filter>Dnn\Cuda</Filter>
    </ClCompile>
    <ClCompile Include="Source\Dnn\Cuda\CudaEnv.ixx">
      <Filter>Dnn\Cuda</Filter>
    </ClCompile>
    <ClCompile Include="Source\Dnn\Cuda\Cuda.Error.ixx">
      <Filter>Dnn\Cuda</Filter>
    </ClCompile>
    <ClCompile Include="Source\Dnn\Cuda\Cuda.Helpers.ixx">
      <Filter>Dnn\Cuda</Filter>
    </ClCompile>
    <ClCompile Include="Source\Dnn\Cuda\Cuda.Memory.ixx">
      <Filter>Dnn\Cuda</Filter>
    </ClCompile>
    <ClCompile Include="Source\Dnn\Cuda\Cuda.Profiler.ixx">
      <Filter>Dnn\Cuda</Filter>
    </ClCompile>
    <ClCompile Include="Source\Dnn\Cuda\CudaStream.ixx">
      <Filter>Dnn\Cuda</Filter>
    </ClCompile>
    <ClCompile Include="Source\Dnn\Cuda\CudaUniqueHandle.ixx">
      <Filter>Dnn\Cuda</Filter>
    </ClCompile>
    <ClCompile Include="Source\Dnn\Dnn.Model.ixx">
      <Filter>Dnn</Filter>
    </ClCompile>
    <ClCompile Include="Source\Dnn\Dnn.ModelBuilder.ixx">
      <Filter>Dnn</Filter>
    </ClCompile>
    <ClCompile Include="Source\Dnn\Dnn.ModelOptions.ixx">
      <Filter>Dnn</Filter>
    </ClCompile>
    <ClCompile Include="Source\Dnn\Dnn.DropoutDescriptor.ixx">
      <Filter>Dnn</Filter>
    </ClCompile>
    <ClCompile Include="Source\Dnn\Dnn.ixx">
      <Filter>Dnn</Filter>
    </ClCompile>
    <ClCompile Include="Source\Dnn\Dnn.NeuralNetType.ixx">
      <Filter>Dnn</Filter>
    </ClCompile>
    <ClCompile Include="Source\Dnn\Dnn.RnnDataSetDescriptor.ixx">
      <Filter>Dnn</Filter>
    </ClCompile>
    <ClCompile Include="Source\Dnn\Dnn.RnnLayerCollection.ixx">
      <Filter>Dnn</Filter>
    </ClCompile>
    <ClCompile Include="Source\Dnn\Dnn.RnnLinearLayer.ixx">
      <Filter>Dnn</Filter>
    </ClCompile>
    <ClCompile Include="Source\Dnn\Dnn.RnnModel.ixx">
      <Filter>Dnn</Filter>
    </ClCompile>
    <ClCompile Include="Source\Dnn\Dnn.RnnModelOptions.ixx">
      <Filter>Dnn</Filter>
    </ClCompile>
    <ClCompile Include="Source\Dnn\Dnn.RnnOpDescriptor.ixx">
      <Filter>Dnn</Filter>
    </ClCompile>
    <ClCompile Include="Source\Dnn\Dnn.StateTensorDescriptor.ixx">
      <Filter>Dnn</Filter>
    </ClCompile>
    <ClCompile Include="Source\Dnn\Dnn.TensorDescriptor.ixx">
      <Filter>Dnn</Filter>
    </ClCompile>
    <ClCompile Include="Source\Dnn\Data\H5\DataH5DatasetReader.ixx">
      <Filter>Dnn\Data\H5</Filter>
    </ClCompile>
    <ClCompile Include="Source\Dnn\Data\H5\DataH5DatasetWriter.ixx">
      <Filter>Dnn\Data\H5</Filter>
    </ClCompile>
    <ClCompile Include="Source\Dnn\Data\Data.DatasetType.ixx">
      <Filter>Dnn\Data</Filter>
    </ClCompile>
    <ClCompile Include="Source\Dnn\Data\Data.CategoryVectorEncoder.ixx">
      <Filter>Dnn\Data</Filter>
    </ClCompile>
    <ClCompile Include="Source\Dnn\Data\Data.CharDatasetGenerator.ixx">
      <Filter>Dnn\Data</Filter>
    </ClCompile>
    <ClCompile Include="Source\Dnn\Core\Core.Version.ixx">
      <Filter>Core</Filter>
    </ClCompile>
    <ClCompile Include="Source\Dnn\Core\Core.ixx">
      <Filter>Core</Filter>
    </ClCompile>
    <ClCompile Include="Source\Mila.ixx" />
    <ClCompile Include="Source\Dnn\Data\H5\DataH5DataTypeMapper.ixx">
      <Filter>Dnn\Data\H5</Filter>
    </ClCompile>
    <ClCompile Include="Source\Dnn\Data\Data.Dataset.ixx">
      <Filter>Dnn\Data</Filter>
    </ClCompile>
    <ClCompile Include="Source\Dnn\Data\Data.ixx" />
    <ClCompile Include="Source\Dnn\Core\Core.Logger.ixx" />
  </ItemGroup>
  <ItemGroup>
    <ClInclude Include="Source\Dnn\CuDNN\fp16_emu.h">
      <Filter>Dnn\CuDnn</Filter>
    </ClInclude>
    <ClInclude Include="Source\Dnn\CuDNN\init_data.h">
      <Filter>Dnn\CuDnn</Filter>
    </ClInclude>
  </ItemGroup>
  <ItemGroup>
    <None Include="Mila.nuspec" />
    <None Include="Achilles.Mila.targets" />
  </ItemGroup>
  <ItemGroup>
    <Image Include="..\icon.png" />
  </ItemGroup>
</Project>